
Microsoft Visual Studio Solution File, Format Version 12.00
# Visual Studio 14
VisualStudioVersion = 14.0.25420.1
MinimumVisualStudioVersion = 10.0.40219.1
Project("{FAE04EC0-301F-11D3-BF4B-00C04F79EFBC}") = "PrismDeUserDialogs", "PrismDeUserDialogs\PrismDeUserDialogs\PrismDeUserDialogs.csproj", "{D78D9B01-1D52-462B-8944-09A432F7A708}"
EndProject
Project("{FAE04EC0-301F-11D3-BF4B-00C04F79EFBC}") = "PrismDeUserDialogs.Droid", "PrismDeUserDialogs\PrismDeUserDialogs.Droid\PrismDeUserDialogs.Droid.csproj", "{13633968-2B61-4CE8-916E-3E64F9BF480E}"
EndProject
Project("{FAE04EC0-301F-11D3-BF4B-00C04F79EFBC}") = "PrismDeUserDialogs.iOS", "PrismDeUserDialogs\PrismDeUserDialogs.iOS\PrismDeUserDialogs.iOS.csproj", "{D1C355AE-9502-4F89-A3E5-BC78C9F443F5}"
EndProject
Global
	GlobalSection(SolutionConfigurationPlatforms) = preSolution
		Ad-Hoc|Any CPU = Ad-Hoc|Any CPU
		Ad-Hoc|iPhone = Ad-Hoc|iPhone
		Ad-Hoc|iPhoneSimulator = Ad-Hoc|iPhoneSimulator
		AppStore|Any CPU = AppStore|Any CPU
		AppStore|iPhone = AppStore|iPhone
		AppStore|iPhoneSimulator = AppStore|iPhoneSimulator
		Debug|Any CPU = Debug|Any CPU
		Debug|iPhone = Debug|iPhone
		Debug|iPhoneSimulator = Debug|iPhoneSimulator
		Release|Any CPU = Release|Any CPU
		Release|iPhone = Release|iPhone
		Release|iPhoneSimulator = Release|iPhoneSimulator
	EndGlobalSection
	GlobalSection(ProjectConfigurationPlatforms) = postSolution
		{D78D9B01-1D52-462B-8944-09A432F7A708}.Ad-Hoc|Any CPU.ActiveCfg = Release|Any CPU
		{D78D9B01-1D52-462B-8944-09A432F7A708}.Ad-Hoc|Any CPU.Build.0 = Release|Any CPU
		{D78D9B01-1D52-462B-8944-09A432F7A708}.Ad-Hoc|iPhone.ActiveCfg = Release|Any CPU
		{D78D9B01-1D52-462B-8944-09A432F7A708}.Ad-Hoc|iPhone.Build.0 = Release|Any CPU
		{D78D9B01-1D52-462B-8944-09A432F7A708}.Ad-Hoc|iPhoneSimulator.ActiveCfg = Release|Any CPU
		{D78D9B01-1D52-462B-8944-09A432F7A708}.Ad-Hoc|iPhoneSimulator.Build.0 = Release|Any CPU
		{D78D9B01-1D52-462B-8944-09A432F7A708}.AppStore|Any CPU.ActiveCfg = Release|Any CPU
		{D78D9B01-1D52-462B-8944-09A432F7A708}.AppStore|Any CPU.Build.0 = Release|Any CPU
		{D78D9B01-1D52-462B-8944-09A432F7A708}.AppStore|iPhone.ActiveCfg = Release|Any CPU
		{D78D9B01-1D52-462B-8944-09A432F7A708}.AppStore|iPhone.Build.0 = Release|Any CPU
		{D78D9B01-1D52-462B-8944-09A432F7A708}.AppStore|iPhoneSimulator.ActiveCfg = Release|Any CPU
		{D78D9B01-1D52-462B-8944-09A432F7A708}.AppStore|iPhoneSimulator.Build.0 = Release|Any CPU
		{D78D9B01-1D52-462B-8944-09A432F7A708}.Debug|Any CPU.ActiveCfg = Debug|Any CPU
		{D78D9B01-1D52-462B-8944-09A432F7A708}.Debug|Any CPU.Build.0 = Debug|Any CPU
		{D78D9B01-1D52-462B-8944-09A432F7A708}.Debug|iPhone.ActiveCfg = Debug|Any CPU
		{D78D9B01-1D52-462B-8944-09A432F7A708}.Debug|iPhone.Build.0 = Debug|Any CPU
		{D78D9B01-1D52-462B-8944-09A432F7A708}.Debug|iPhoneSimulator.ActiveCfg = Debug|Any CPU
		{D78D9B01-1D52-462B-8944-09A432F7A708}.Debug|iPhoneSimulator.Build.0 = Debug|Any CPU
		{D78D9B01-1D52-462B-8944-09A432F7A708}.Release|Any CPU.ActiveCfg = Release|Any CPU
		{D78D9B01-1D52-462B-8944-09A432F7A708}.Release|Any CPU.Build.0 = Release|Any CPU
		{D78D9B01-1D52-462B-8944-09A432F7A708}.Release|iPhone.ActiveCfg = Release|Any CPU
		{D78D9B01-1D52-462B-8944-09A432F7A708}.Release|iPhone.Build.0 = Release|Any CPU
		{D78D9B01-1D52-462B-8944-09A432F7A708}.Release|iPhoneSimulator.ActiveCfg = Release|Any CPU
		{D78D9B01-1D52-462B-8944-09A432F7A708}.Release|iPhoneSimulator.Build.0 = Release|Any CPU
		{13633968-2B61-4CE8-916E-3E64F9BF480E}.Ad-Hoc|Any CPU.ActiveCfg = Release|Any CPU
		{13633968-2B61-4CE8-916E-3E64F9BF480E}.Ad-Hoc|Any CPU.Build.0 = Release|Any CPU
		{13633968-2B61-4CE8-916E-3E64F9BF480E}.Ad-Hoc|Any CPU.Deploy.0 = Release|Any CPU
		{13633968-2B61-4CE8-916E-3E64F9BF480E}.Ad-Hoc|iPhone.ActiveCfg = Release|Any CPU
		{13633968-2B61-4CE8-916E-3E64F9BF480E}.Ad-Hoc|iPhone.Build.0 = Release|Any CPU
		{13633968-2B61-4CE8-916E-3E64F9BF480E}.Ad-Hoc|iPhone.Deploy.0 = Release|Any CPU
		{13633968-2B61-4CE8-916E-3E64F9BF480E}.Ad-Hoc|iPhoneSimulator.ActiveCfg = Release|Any CPU
		{13633968-2B61-4CE8-916E-3E64F9BF480E}.Ad-Hoc|iPhoneSimulator.Build.0 = Release|Any CPU
		{13633968-2B61-4CE8-916E-3E64F9BF480E}.Ad-Hoc|iPhoneSimulator.Deploy.0 = Release|Any CPU
		{13633968-2B61-4CE8-916E-3E64F9BF480E}.AppStore|Any CPU.ActiveCfg = Release|Any CPU
		{13633968-2B61-4CE8-916E-3E64F9BF480E}.AppStore|Any CPU.Build.0 = Release|Any CPU
		{13633968-2B61-4CE8-916E-3E64F9BF480E}.AppStore|Any CPU.Deploy.0 = Release|Any CPU
		{13633968-2B61-4CE8-916E-3E64F9BF480E}.AppStore|iPhone.ActiveCfg = Release|Any CPU
		{13633968-2B61-4CE8-916E-3E64F9BF480E}.AppStore|iPhone.Build.0 = Release|Any CPU
		{13633968-2B61-4CE8-916E-3E64F9BF480E}.AppStore|iPhone.Deploy.0 = Release|Any CPU
		{13633968-2B61-4CE8-916E-3E64F9BF480E}.AppStore|iPhoneSimulator.ActiveCfg = Release|Any CPU
		{13633968-2B61-4CE8-916E-3E64F9BF480E}.AppStore|iPhoneSimulator.Build.0 = Release|Any CPU
		{13633968-2B61-4CE8-916E-3E64F9BF480E}.AppStore|iPhoneSimulator.Deploy.0 = Release|Any CPU
		{13633968-2B61-4CE8-916E-3E64F9BF480E}.Debug|Any CPU.ActiveCfg = Debug|Any CPU
		{13633968-2B61-4CE8-916E-3E64F9BF480E}.Debug|Any CPU.Build.0 = Debug|Any CPU
		{13633968-2B61-4CE8-916E-3E64F9BF480E}.Debug|Any CPU.Deploy.0 = Debug|Any CPU
		{13633968-2B61-4CE8-916E-3E64F9BF480E}.Debug|iPhone.ActiveCfg = Debug|Any CPU
		{13633968-2B61-4CE8-916E-3E64F9BF480E}.Debug|iPhone.Build.0 = Debug|Any CPU
		{13633968-2B61-4CE8-916E-3E64F9BF480E}.Debug|iPhone.Deploy.0 = Debug|Any CPU
		{13633968-2B61-4CE8-916E-3E64F9BF480E}.Debug|iPhoneSimulator.ActiveCfg = Debug|Any CPU
		{13633968-2B61-4CE8-916E-3E64F9BF480E}.Debug|iPhoneSimulator.Build.0 = Debug|Any CPU
		{13633968-2B61-4CE8-916E-3E64F9BF480E}.Debug|iPhoneSimulator.Deploy.0 = Debug|Any CPU
		{13633968-2B61-4CE8-916E-3E64F9BF480E}.Release|Any CPU.ActiveCfg = Release|Any CPU
		{13633968-2B61-4CE8-916E-3E64F9BF480E}.Release|Any CPU.Build.0 = Release|Any CPU
		{13633968-2B61-4CE8-916E-3E64F9BF480E}.Release|Any CPU.Deploy.0 = Release|Any CPU
		{13633968-2B61-4CE8-916E-3E64F9BF480E}.Release|iPhone.ActiveCfg = Release|Any CPU
		{13633968-2B61-4CE8-916E-3E64F9BF480E}.Release|iPhone.Build.0 = Release|Any CPU
		{13633968-2B61-4CE8-916E-3E64F9BF480E}.Release|iPhone.Deploy.0 = Release|Any CPU
		{13633968-2B61-4CE8-916E-3E64F9BF480E}.Release|iPhoneSimulator.ActiveCfg = Release|Any CPU
		{13633968-2B61-4CE8-916E-3E64F9BF480E}.Release|iPhoneSimulator.Build.0 = Release|Any CPU
		{13633968-2B61-4CE8-916E-3E64F9BF480E}.Release|iPhoneSimulator.Deploy.0 = Release|Any CPU
		{D1C355AE-9502-4F89-A3E5-BC78C9F443F5}.Ad-Hoc|Any CPU.ActiveCfg = Ad-Hoc|iPhone
		{D1C355AE-9502-4F89-A3E5-BC78C9F443F5}.Ad-Hoc|iPhone.ActiveCfg = Ad-Hoc|iPhone
		{D1C355AE-9502-4F89-A3E5-BC78C9F443F5}.Ad-Hoc|iPhone.Build.0 = Ad-Hoc|iPhone
		{D1C355AE-9502-4F89-A3E5-BC78C9F443F5}.Ad-Hoc|iPhoneSimulator.ActiveCfg = Ad-Hoc|iPhoneSimulator
		{D1C355AE-9502-4F89-A3E5-BC78C9F443F5}.Ad-Hoc|iPhoneSimulator.Build.0 = Ad-Hoc|iPhoneSimulator
		{D1C355AE-9502-4F89-A3E5-BC78C9F443F5}.AppStore|Any CPU.ActiveCfg = AppStore|iPhone
		{D1C355AE-9502-4F89-A3E5-BC78C9F443F5}.AppStore|iPhone.ActiveCfg = AppStore|iPhone
		{D1C355AE-9502-4F89-A3E5-BC78C9F443F5}.AppStore|iPhone.Build.0 = AppStore|iPhone
		{D1C355AE-9502-4F89-A3E5-BC78C9F443F5}.AppStore|iPhoneSimulator.ActiveCfg = AppStore|iPhoneSimulator
		{D1C355AE-9502-4F89-A3E5-BC78C9F443F5}.AppStore|iPhoneSimulator.Build.0 = AppStore|iPhoneSimulator
		{D1C355AE-9502-4F89-A3E5-BC78C9F443F5}.Debug|Any CPU.ActiveCfg = Debug|iPhone
		{D1C355AE-9502-4F89-A3E5-BC78C9F443F5}.Debug|iPhone.ActiveCfg = Debug|iPhone
		{D1C355AE-9502-4F89-A3E5-BC78C9F443F5}.Debug|iPhone.Build.0 = Debug|iPhone
		{D1C355AE-9502-4F89-A3E5-BC78C9F443F5}.Debug|iPhoneSimulator.ActiveCfg = Debug|iPhoneSimulator
		{D1C355AE-9502-4F89-A3E5-BC78C9F443F5}.Debug|iPhoneSimulator.Build.0 = Debug|iPhoneSimulator
		{D1C355AE-9502-4F89-A3E5-BC78C9F443F5}.Release|Any CPU.ActiveCfg = Release|iPhone
		{D1C355AE-9502-4F89-A3E5-BC78C9F443F5}.Release|iPhone.ActiveCfg = Release|iPhone
		{D1C355AE-9502-4F89-A3E5-BC78C9F443F5}.Release|iPhone.Build.0 = Release|iPhone
		{D1C355AE-9502-4F89-A3E5-BC78C9F443F5}.Release|iPhoneSimulator.ActiveCfg = Release|iPhoneSimulator
		{D1C355AE-9502-4F89-A3E5-BC78C9F443F5}.Release|iPhoneSimulator.Build.0 = Release|iPhoneSimulator
	EndGlobalSection
	GlobalSection(SolutionProperties) = preSolution
		HideSolutionNode = FALSE
	EndGlobalSection
EndGlobal
